{
  "name": "einstein-rapier-worker",
  "version": "0.1.0",
  "lockfileVersion": 3,
  "requires": true,
  "packages": {
    "": {
      "name": "einstein-rapier-worker",
      "version": "0.1.0",
      "license": "MIT",
      "dependencies": {
        "@dimforge/rapier2d-compat": "^0.13.1",
        "matter-js": "^0.20.0"
      }
    },
    "node_modules/@dimforge/rapier2d-compat": {
      "version": "0.13.1",
      "resolved": "https://registry.npmjs.org/@dimforge/rapier2d-compat/-/rapier2d-compat-0.13.1.tgz",
      "integrity": "sha512-n8g70IkhhpHHqg+KrRbfCc3rHnRvl2pcWHHwk6tJB/BrwywQhM6zWsBCa2sFVIqCjxv/Ese5qmaxSBICPUo0Sw==",
      "license": "Apache-2.0"
    },
    "node_modules/matter-js": {
      "version": "0.20.0",
      "resolved": "https://registry.npmjs.org/matter-js/-/matter-js-0.20.0.tgz",
      "integrity": "sha512-iC9fYR7zVT3HppNnsFsp9XOoQdQN2tUyfaKg4CHLH8bN+j6GT4Gw7IH2rP0tflAebrHFw730RR3DkVSZRX8hwA==",
      "license": "MIT"
    }
  }
}
