{
  "name": "einstein-rapier-worker",
  "version": "0.1.0",
  "lockfileVersion": 3,
  "requires": true,
  "packages": {
    "": {
      "name": "einstein-rapier-worker",
      "version": "0.1.0",
      "license": "MIT",
      "dependencies": {
        "@dimforge/rapier2d": "^0.13.1"
      }
    },
    "node_modules/@dimforge/rapier2d": {
      "version": "0.13.1",
      "resolved": "https://registry.npmjs.org/@dimforge/rapier2d/-/rapier2d-0.13.1.tgz",
      "integrity": "sha512-pobQfNPBIwL3KfyW07bHqAg4q3CvdJ4sAoZ3PpyZlNp2yuE1IXQohD3VSendtEpATfikVVgazmNEVX2whZNL/g==",
      "license": "Apache-2.0"
    }
  }
}
